
Microsoft Visual Studio Solution File, Format Version 12.00
# Visual Studio Version 16
VisualStudioVersion = 16.0.31829.152
MinimumVisualStudioVersion = 10.0.40219.1
Project("{FAE04EC0-301F-11D3-BF4B-00C04F79EFBC}") = "OOPSConcepts", "OOPSConcepts\OOPSConcepts.csproj", "{8440A857-4A5A-46EF-99B1-9915E92818AA}"
EndProject
Global
	GlobalSection(SolutionConfigurationPlatforms) = preSolution
		Debug|Any CPU = Debug|Any CPU
		Release|Any CPU = Release|Any CPU
	EndGlobalSection
	GlobalSection(ProjectConfigurationPlatforms) = postSolution
		{8440A857-4A5A-46EF-99B1-9915E92818AA}.Debug|Any CPU.ActiveCfg = Debug|Any CPU
		{8440A857-4A5A-46EF-99B1-9915E92818AA}.Debug|Any CPU.Build.0 = Debug|Any CPU
		{8440A857-4A5A-46EF-99B1-9915E92818AA}.Release|Any CPU.ActiveCfg = Release|Any CPU
		{8440A857-4A5A-46EF-99B1-9915E92818AA}.Release|Any CPU.Build.0 = Release|Any CPU
	EndGlobalSection
	GlobalSection(SolutionProperties) = preSolution
		HideSolutionNode = FALSE
	EndGlobalSection
	GlobalSection(ExtensibilityGlobals) = postSolution
		SolutionGuid = {A695D7D9-64F4-4B59-BC0A-66B781D59628}
	EndGlobalSection
EndGlobal
